
Microsoft Visual Studio Solution File, Format Version 12.00
# Visual Studio Version 17
VisualStudioVersion = 17.4.33103.184
MinimumVisualStudioVersion = 10.0.40219.1
Project("{9A19103F-16F7-4668-BE54-9A1E7A4F7556}") = "GestionDAL", "GestionDAL\GestionDAL.csproj", "{23AA06A7-C515-424A-8E4B-C9AB11FC7361}"
EndProject
Project("{9A19103F-16F7-4668-BE54-9A1E7A4F7556}") = "GestionBO", "GestionBO\GestionBO.csproj", "{6FD70CE6-9EE4-4381-B420-F7A98EB01C6C}"
EndProject
Project("{9A19103F-16F7-4668-BE54-9A1E7A4F7556}") = "GestionGUI", "..\Gestion_Produit\GestionGUI\GestionGUI.csproj", "{176CEC1C-5F9F-420E-BE6D-F38356710183}"
EndProject
Project("{9A19103F-16F7-4668-BE54-9A1E7A4F7556}") = "GestionBLL", "..\Gestion_Produit\GestionBLL\GestionBLL.csproj", "{B27C7C0B-E775-4036-971F-EDB7C4F032FA}"
EndProject
Global
	GlobalSection(SolutionConfigurationPlatforms) = preSolution
		Debug|Any CPU = Debug|Any CPU
		Release|Any CPU = Release|Any CPU
	EndGlobalSection
	GlobalSection(ProjectConfigurationPlatforms) = postSolution
		{23AA06A7-C515-424A-8E4B-C9AB11FC7361}.Debug|Any CPU.ActiveCfg = Debug|Any CPU
		{23AA06A7-C515-424A-8E4B-C9AB11FC7361}.Debug|Any CPU.Build.0 = Debug|Any CPU
		{23AA06A7-C515-424A-8E4B-C9AB11FC7361}.Release|Any CPU.ActiveCfg = Release|Any CPU
		{23AA06A7-C515-424A-8E4B-C9AB11FC7361}.Release|Any CPU.Build.0 = Release|Any CPU
		{6FD70CE6-9EE4-4381-B420-F7A98EB01C6C}.Debug|Any CPU.ActiveCfg = Debug|Any CPU
		{6FD70CE6-9EE4-4381-B420-F7A98EB01C6C}.Debug|Any CPU.Build.0 = Debug|Any CPU
		{6FD70CE6-9EE4-4381-B420-F7A98EB01C6C}.Release|Any CPU.ActiveCfg = Release|Any CPU
		{6FD70CE6-9EE4-4381-B420-F7A98EB01C6C}.Release|Any CPU.Build.0 = Release|Any CPU
		{176CEC1C-5F9F-420E-BE6D-F38356710183}.Debug|Any CPU.ActiveCfg = Debug|Any CPU
		{176CEC1C-5F9F-420E-BE6D-F38356710183}.Debug|Any CPU.Build.0 = Debug|Any CPU
		{176CEC1C-5F9F-420E-BE6D-F38356710183}.Release|Any CPU.ActiveCfg = Release|Any CPU
		{176CEC1C-5F9F-420E-BE6D-F38356710183}.Release|Any CPU.Build.0 = Release|Any CPU
		{B27C7C0B-E775-4036-971F-EDB7C4F032FA}.Debug|Any CPU.ActiveCfg = Debug|Any CPU
		{B27C7C0B-E775-4036-971F-EDB7C4F032FA}.Debug|Any CPU.Build.0 = Debug|Any CPU
		{B27C7C0B-E775-4036-971F-EDB7C4F032FA}.Release|Any CPU.ActiveCfg = Release|Any CPU
		{B27C7C0B-E775-4036-971F-EDB7C4F032FA}.Release|Any CPU.Build.0 = Release|Any CPU
	EndGlobalSection
	GlobalSection(SolutionProperties) = preSolution
		HideSolutionNode = FALSE
	EndGlobalSection
	GlobalSection(ExtensibilityGlobals) = postSolution
		SolutionGuid = {2BFF8186-5118-44AA-9321-D565F273B89C}
	EndGlobalSection
EndGlobal
